<?xml version="1.0" encoding="utf-8"?>
<Project ToolsVersion="4.0" xmlns="http://schemas.microsoft.com/developer/msbuild/2003">
  <ItemGroup>
    <Filter Include="ソース ファイル">
      <UniqueIdentifier>{4FC737F1-C7A5-4376-A066-2A32D752A2FF}</UniqueIdentifier>
      <Extensions>cpp;c;cc;cxx;def;odl;idl;hpj;bat;asm;asmx</Extensions>
    </Filter>
    <Filter Include="ヘッダー ファイル">
      <UniqueIdentifier>{93995380-89BD-4b04-88EB-625FBE52EBFB}</UniqueIdentifier>
      <Extensions>h;hh;hpp;hxx;hm;inl;inc;xsd</Extensions>
    </Filter>
    <Filter Include="リソース ファイル">
      <UniqueIdentifier>{67DA6AB6-F800-4c08-8B7A-83BB121AAD01}</UniqueIdentifier>
      <Extensions>rc;ico;cur;bmp;dlg;rc2;rct;bin;rgs;gif;jpg;jpeg;jpe;resx;tiff;tif;png;wav;mfcribbon-ms</Extensions>
    </Filter>
    <Filter Include="リソース ファイル\resources">
      <UniqueIdentifier>{26167e70-6910-42cf-a751-43a46c9e1cea}</UniqueIdentifier>
    </Filter>
    <Filter Include="ヘッダー ファイル\SquarePolygonBase">
      <UniqueIdentifier>{0509594d-0f80-4143-b07f-70dfb11ed476}</UniqueIdentifier>
    </Filter>
    <Filter Include="ヘッダー ファイル\SquarePolygonBase\ScalableObjectDerived">
      <UniqueIdentifier>{87fd952e-3044-41d4-a23b-14bfc2bafcb7}</UniqueIdentifier>
    </Filter>
    <Filter Include="ヘッダー ファイル\SquarePolygonBase\PlainSquarePolygonDerived">
      <UniqueIdentifier>{fbfda332-3ec6-4139-b673-82fd0aa7fcff}</UniqueIdentifier>
    </Filter>
    <Filter Include="ソース ファイル\SquarePolygonBase">
      <UniqueIdentifier>{e4f008d4-50da-4018-8ca1-1c795ede5a84}</UniqueIdentifier>
    </Filter>
    <Filter Include="ソース ファイル\SquarePolygonBase\PlainSquarePolygonDerived">
      <UniqueIdentifier>{fc04e257-b090-440a-bde6-ed750def3234}</UniqueIdentifier>
    </Filter>
    <Filter Include="ソース ファイル\SquarePolygonBase\ScalableObjectDerived">
      <UniqueIdentifier>{da960dcb-955d-47c9-b0ff-09072aaff23a}</UniqueIdentifier>
    </Filter>
    <Filter Include="リソース ファイル\resources\stages">
      <UniqueIdentifier>{dd93d4d5-2529-41ca-a2e7-b53f5a29bce0}</UniqueIdentifier>
    </Filter>
    <Filter Include="リソース ファイル\resources\texturtes">
      <UniqueIdentifier>{30e1ac37-2d04-4746-91f6-3808f7a36965}</UniqueIdentifier>
    </Filter>
    <Filter Include="ヘッダー ファイル\SquarePolygonBase\AlwaysDisplayedPolygonDerived">
      <UniqueIdentifier>{ee2ccdcb-3748-4837-982d-355a7099807e}</UniqueIdentifier>
    </Filter>
    <Filter Include="ソース ファイル\SquarePolygonBase\AlwaysDisplayedPolygonDerived">
      <UniqueIdentifier>{78df14e9-9d1e-4db1-923f-2ea3ddbebd3a}</UniqueIdentifier>
    </Filter>
    <Filter Include="ヘッダー ファイル\utils">
      <UniqueIdentifier>{ac885444-7f2f-44cf-958b-9e12f8c00a4f}</UniqueIdentifier>
    </Filter>
    <Filter Include="ヘッダー ファイル\io">
      <UniqueIdentifier>{0e8fea2b-1b06-420f-85a2-7be4440ed6f4}</UniqueIdentifier>
    </Filter>
    <Filter Include="ソース ファイル\io">
      <UniqueIdentifier>{2e647320-c60f-42b2-a88c-03f121acfd11}</UniqueIdentifier>
    </Filter>
    <Filter Include="ソース ファイル\utils">
      <UniqueIdentifier>{59ff1f42-9348-4d41-bc36-7b87e9ae7db0}</UniqueIdentifier>
    </Filter>
    <Filter Include="etc">
      <UniqueIdentifier>{0406d0fe-004c-4eff-828f-b49c2230d96a}</UniqueIdentifier>
    </Filter>
  </ItemGroup>
  <ItemGroup>
    <ClCompile Include="main.cpp">
      <Filter>ソース ファイル</Filter>
    </ClCompile>
    <ClCompile Include="stage.cpp">
      <Filter>ソース ファイル</Filter>
    </ClCompile>
    <ClCompile Include="controller.cpp">
      <Filter>ソース ファイル</Filter>
    </ClCompile>
    <ClCompile Include="background.cpp">
      <Filter>ソース ファイル\SquarePolygonBase\ScalableObjectDerived</Filter>
    </ClCompile>
    <ClCompile Include="enemy.cpp">
      <Filter>ソース ファイル\SquarePolygonBase\ScalableObjectDerived</Filter>
    </ClCompile>
    <ClCompile Include="goal.cpp">
      <Filter>ソース ファイル\SquarePolygonBase\ScalableObjectDerived</Filter>
    </ClCompile>
    <ClCompile Include="ragged_floor.cpp">
      <Filter>ソース ファイル\SquarePolygonBase\ScalableObjectDerived</Filter>
    </ClCompile>
    <ClCompile Include="player.cpp">
      <Filter>ソース ファイル\SquarePolygonBase\PlainSquarePolygonDerived</Filter>
    </ClCompile>
    <ClCompile Include="magma.cpp">
      <Filter>ソース ファイル\SquarePolygonBase\ScalableObjectDerived</Filter>
    </ClCompile>
    <ClCompile Include="thorn.cpp">
      <Filter>ソース ファイル\SquarePolygonBase\ScalableObjectDerived</Filter>
    </ClCompile>
    <ClCompile Include="plain_square_polygon.cpp">
      <Filter>ソース ファイル\SquarePolygonBase\PlainSquarePolygonDerived</Filter>
    </ClCompile>
    <ClCompile Include="scalable_object.cpp">
      <Filter>ソース ファイル\SquarePolygonBase\ScalableObjectDerived</Filter>
    </ClCompile>
    <ClCompile Include="stage_background.cpp">
      <Filter>ソース ファイル\SquarePolygonBase\PlainSquarePolygonDerived</Filter>
    </ClCompile>
    <ClCompile Include="air_cannon.cpp">
      <Filter>ソース ファイル\SquarePolygonBase\ScalableObjectDerived</Filter>
    </ClCompile>
    <ClCompile Include="item.cpp">
      <Filter>ソース ファイル\SquarePolygonBase\ScalableObjectDerived</Filter>
    </ClCompile>
    <ClCompile Include="bullet.cpp">
      <Filter>ソース ファイル\SquarePolygonBase\ScalableObjectDerived</Filter>
    </ClCompile>
    <ClCompile Include="gimmick_switch.cpp">
      <Filter>ソース ファイル\SquarePolygonBase\ScalableObjectDerived</Filter>
    </ClCompile>
    <ClCompile Include="always_displayed_polygon.cpp">
      <Filter>ソース ファイル\SquarePolygonBase\AlwaysDisplayedPolygonDerived</Filter>
    </ClCompile>
    <ClCompile Include="gage.cpp">
      <Filter>ソース ファイル\SquarePolygonBase\AlwaysDisplayedPolygonDerived</Filter>
    </ClCompile>
    <ClCompile Include="collision_checker.cpp">
      <Filter>ソース ファイル\utils</Filter>
    </ClCompile>
    <ClCompile Include="debug_console.cpp">
      <Filter>ソース ファイル\utils</Filter>
    </ClCompile>
    <ClCompile Include="input.cpp">
      <Filter>ソース ファイル\io</Filter>
    </ClCompile>
    <ClCompile Include="gimmick_floor.cpp">
      <Filter>ソース ファイル\SquarePolygonBase\ScalableObjectDerived</Filter>
    </ClCompile>
    <ClCompile Include="audio_controller.cpp">
      <Filter>ソース ファイル\io</Filter>
    </ClCompile>
    <ClCompile Include="hellgate.cpp">
      <Filter>ソース ファイル\SquarePolygonBase\ScalableObjectDerived</Filter>
    </ClCompile>
    <ClCompile Include="XInputController.cpp">
      <Filter>ソース ファイル\io</Filter>
    </ClCompile>
    <ClCompile Include="zooming_z.cpp">
      <Filter>ソース ファイル\SquarePolygonBase\PlainSquarePolygonDerived</Filter>
    </ClCompile>
    <ClCompile Include="stage_thumbnail.cpp">
      <Filter>ソース ファイル\SquarePolygonBase\PlainSquarePolygonDerived</Filter>
    </ClCompile>
    <ClCompile Include="selector.cpp">
      <Filter>ソース ファイル\SquarePolygonBase\AlwaysDisplayedPolygonDerived</Filter>
    </ClCompile>
    <ClCompile Include="tutorial_object.cpp">
      <Filter>ソース ファイル\SquarePolygonBase\ScalableObjectDerived</Filter>
    </ClCompile>
    <ClCompile Include="game_clear_logo.cpp">
      <Filter>ソース ファイル\SquarePolygonBase\PlainSquarePolygonDerived</Filter>
    </ClCompile>
    <ClCompile Include="life_gage.cpp">
      <Filter>ソース ファイル\SquarePolygonBase\AlwaysDisplayedPolygonDerived</Filter>
    </ClCompile>
  </ItemGroup>
  <ItemGroup>
    <ClInclude Include="main.h">
      <Filter>ヘッダー ファイル</Filter>
    </ClInclude>
    <ClInclude Include="stage.h">
      <Filter>ヘッダー ファイル</Filter>
    </ClInclude>
    <ClInclude Include="controller.h">
      <Filter>ヘッダー ファイル</Filter>
    </ClInclude>
    <ClInclude Include="square_polygon_base.h">
      <Filter>ヘッダー ファイル\SquarePolygonBase</Filter>
    </ClInclude>
    <ClInclude Include="background.h">
      <Filter>ヘッダー ファイル\SquarePolygonBase\ScalableObjectDerived</Filter>
    </ClInclude>
    <ClInclude Include="enemy.h">
      <Filter>ヘッダー ファイル\SquarePolygonBase\ScalableObjectDerived</Filter>
    </ClInclude>
    <ClInclude Include="goal.h">
      <Filter>ヘッダー ファイル\SquarePolygonBase\ScalableObjectDerived</Filter>
    </ClInclude>
    <ClInclude Include="ragged_floor.h">
      <Filter>ヘッダー ファイル\SquarePolygonBase\ScalableObjectDerived</Filter>
    </ClInclude>
    <ClInclude Include="player.h">
      <Filter>ヘッダー ファイル\SquarePolygonBase\PlainSquarePolygonDerived</Filter>
    </ClInclude>
    <ClInclude Include="magma.h">
      <Filter>ヘッダー ファイル\SquarePolygonBase\ScalableObjectDerived</Filter>
    </ClInclude>
    <ClInclude Include="thorn.h">
      <Filter>ヘッダー ファイル\SquarePolygonBase\ScalableObjectDerived</Filter>
    </ClInclude>
    <ClInclude Include="stage_background.h">
      <Filter>ヘッダー ファイル\SquarePolygonBase\PlainSquarePolygonDerived</Filter>
    </ClInclude>
    <ClInclude Include="air_cannon.h">
      <Filter>ヘッダー ファイル\SquarePolygonBase\ScalableObjectDerived</Filter>
    </ClInclude>
    <ClInclude Include="item.h">
      <Filter>ヘッダー ファイル\SquarePolygonBase\ScalableObjectDerived</Filter>
    </ClInclude>
    <ClInclude Include="bullet.h">
      <Filter>ヘッダー ファイル\SquarePolygonBase\ScalableObjectDerived</Filter>
    </ClInclude>
    <ClInclude Include="gimmick_switch.h">
      <Filter>ヘッダー ファイル\SquarePolygonBase\ScalableObjectDerived</Filter>
    </ClInclude>
    <ClInclude Include="plain_square_polygon.h">
      <Filter>ヘッダー ファイル\SquarePolygonBase\PlainSquarePolygonDerived</Filter>
    </ClInclude>
    <ClInclude Include="scalable_object.h">
      <Filter>ヘッダー ファイル\SquarePolygonBase\ScalableObjectDerived</Filter>
    </ClInclude>
    <ClInclude Include="always_displayed_polygon.h">
      <Filter>ヘッダー ファイル\SquarePolygonBase\AlwaysDisplayedPolygonDerived</Filter>
    </ClInclude>
    <ClInclude Include="gage.h">
      <Filter>ヘッダー ファイル\SquarePolygonBase\AlwaysDisplayedPolygonDerived</Filter>
    </ClInclude>
    <ClInclude Include="hellgate.h">
      <Filter>ヘッダー ファイル\SquarePolygonBase\ScalableObjectDerived</Filter>
    </ClInclude>
    <ClInclude Include="collision_checker.h">
      <Filter>ヘッダー ファイル\utils</Filter>
    </ClInclude>
    <ClInclude Include="debug_console.h">
      <Filter>ヘッダー ファイル\utils</Filter>
    </ClInclude>
    <ClInclude Include="polygons_register.h">
      <Filter>ヘッダー ファイル\utils</Filter>
    </ClInclude>
    <ClInclude Include="input.h">
      <Filter>ヘッダー ファイル\io</Filter>
    </ClInclude>
    <ClInclude Include="csv_loader.h">
      <Filter>ヘッダー ファイル\io</Filter>
    </ClInclude>
    <ClInclude Include="conf.h">
      <Filter>ヘッダー ファイル\utils</Filter>
    </ClInclude>
    <ClInclude Include="helpers.h">
      <Filter>ヘッダー ファイル\utils</Filter>
    </ClInclude>
    <ClInclude Include="gimmick_floor.h">
      <Filter>ヘッダー ファイル\SquarePolygonBase\ScalableObjectDerived</Filter>
    </ClInclude>
    <ClInclude Include="audio_controller.h">
      <Filter>ヘッダー ファイル\io</Filter>
    </ClInclude>
    <ClInclude Include="keyconf.h">
      <Filter>ヘッダー ファイル\utils</Filter>
    </ClInclude>
    <ClInclude Include="XInputController.h">
      <Filter>ヘッダー ファイル\io</Filter>
    </ClInclude>
    <ClInclude Include="zooming_z.h">
      <Filter>ヘッダー ファイル\SquarePolygonBase\PlainSquarePolygonDerived</Filter>
    </ClInclude>
    <ClInclude Include="stage_thumbnail.h">
      <Filter>ヘッダー ファイル\SquarePolygonBase\PlainSquarePolygonDerived</Filter>
    </ClInclude>
    <ClInclude Include="selector.h">
      <Filter>ヘッダー ファイル\SquarePolygonBase\AlwaysDisplayedPolygonDerived</Filter>
    </ClInclude>
    <ClInclude Include="tutorial_object.h">
      <Filter>ヘッダー ファイル\SquarePolygonBase\ScalableObjectDerived</Filter>
    </ClInclude>
    <ClInclude Include="game_clear_logo.h">
      <Filter>ヘッダー ファイル\SquarePolygonBase\PlainSquarePolygonDerived</Filter>
    </ClInclude>
    <ClInclude Include="life_gage.h">
      <Filter>ヘッダー ファイル\SquarePolygonBase\AlwaysDisplayedPolygonDerived</Filter>
    </ClInclude>
  </ItemGroup>
  <ItemGroup>
    <None Include="resources\stages\stage_01.csv">
      <Filter>リソース ファイル\resources\stages</Filter>
    </None>
    <None Include="resources\stages\stage_02.csv">
      <Filter>リソース ファイル\resources\stages</Filter>
    </None>
    <None Include="resources\stages\stage_03.csv">
      <Filter>リソース ファイル\resources\stages</Filter>
    </None>
    <None Include="resources\stages\textures_01.csv">
      <Filter>リソース ファイル\resources\stages</Filter>
    </None>
    <None Include="resources\stages\textures_02.csv">
      <Filter>リソース ファイル\resources\stages</Filter>
    </None>
    <None Include="resources\stages\textures_03.csv">
      <Filter>リソース ファイル\resources\stages</Filter>
    </None>
    <None Include="resources\stages\sample.csv">
      <Filter>リソース ファイル\resources\stages</Filter>
    </None>
    <None Include="..\README.md">
      <Filter>etc</Filter>
    </None>
  </ItemGroup>
</Project>